// !$*UTF8*$!
{
	archiveVersion = 1;
	classes = {
	};
	objectVersion = 50;
	objects = {

/* Begin PBXBuildFile section */
		37B20BDF232507220091B00B /* AppDelegate.swift in Sources */ = {isa = PBXBuildFile; fileRef = 37B20BDE232507220091B00B /* AppDelegate.swift */; };
		37B20BE1232507220091B00B /* SceneDelegate.swift in Sources */ = {isa = PBXBuildFile; fileRef = 37B20BE0232507220091B00B /* SceneDelegate.swift */; };
		37B20BE3232507220091B00B /* ViewController.swift in Sources */ = {isa = PBXBuildFile; fileRef = 37B20BE2232507220091B00B /* ViewController.swift */; };
		37B20BE6232507220091B00B /* Main.storyboard in Resources */ = {isa = PBXBuildFile; fileRef = 37B20BE4232507220091B00B /* Main.storyboard */; };
		37B20BE8232507240091B00B /* Assets.xcassets in Resources */ = {isa = PBXBuildFile; fileRef = 37B20BE7232507240091B00B /* Assets.xcassets */; };
		37B20BEB232507240091B00B /* LaunchScreen.storyboard in Resources */ = {isa = PBXBuildFile; fileRef = 37B20BE9232507240091B00B /* LaunchScreen.storyboard */; };
		37B20BF6232507240091B00B /* BullsEyeP1Tests.swift in Sources */ = {isa = PBXBuildFile; fileRef = 37B20BF5232507240091B00B /* BullsEyeP1Tests.swift */; };
		37B20C01232507240091B00B /* BullsEyeP1UITests.swift in Sources */ = {isa = PBXBuildFile; fileRef = 37B20C00232507240091B00B /* BullsEyeP1UITests.swift */; };
		37B20C0F232535A90091B00B /* Default-568h@2x.png in Resources */ = {isa = PBXBuildFile; fileRef = 37B20C0E232535A90091B00B /* Default-568h@2x.png */; };
/* End PBXBuildFile section */

/* Begin PBXContainerItemProxy section */
		37B20BF2232507240091B00B /* PBXContainerItemProxy */ = {
			isa = PBXContainerItemProxy;
			containerPortal = 37B20BD3232507220091B00B /* Project object */;
			proxyType = 1;
			remoteGlobalIDString = 37B20BDA232507220091B00B;
			remoteInfo = BullsEyeP1;
		};
		37B20BFD232507240091B00B /* PBXContainerItemProxy */ = {
			isa = PBXContainerItemProxy;
			containerPortal = 37B20BD3232507220091B00B /* Project object */;
			proxyType = 1;
			remoteGlobalIDString = 37B20BDA232507220091B00B;
			remoteInfo = BullsEyeP1;
		};
/* End PBXContainerItemProxy section */

/* Begin PBXFileReference section */
		37B20BDB232507220091B00B /* BullsEyeP1.app */ = {isa = PBXFileReference; explicitFileType = wrapper.application; includeInIndex = 0; path = BullsEyeP1.app; sourceTree = BUILT_PRODUCTS_DIR; };
		37B20BDE232507220091B00B /* AppDelegate.swift */ = {isa = PBXFileReference; lastKnownFileType = sourcecode.swift; path = AppDelegate.swift; sourceTree = "<group>"; };
		37B20BE0232507220091B00B /* SceneDelegate.swift */ = {isa = PBXFileReference; lastKnownFileType = sourcecode.swift; path = SceneDelegate.swift; sourceTree = "<group>"; };
		37B20BE2232507220091B00B /* ViewController.swift */ = {isa = PBXFileReference; lastKnownFileType = sourcecode.swift; path = ViewController.swift; sourceTree = "<group>"; };
		37B20BE5232507220091B00B /* Base */ = {isa = PBXFileReference; lastKnownFileType = file.storyboard; name = Base; path = Base.lproj/Main.storyboard; sourceTree = "<group>"; };
		37B20BE7232507240091B00B /* Assets.xcassets */ = {isa = PBXFileReference; lastKnownFileType = folder.assetcatalog; path = Assets.xcassets; sourceTree = "<group>"; };
		37B20BEA232507240091B00B /* Base */ = {isa = PBXFileReference; lastKnownFileType = file.storyboard; name = Base; path = Base.lproj/LaunchScreen.storyboard; sourceTree = "<group>"; };
		37B20BEC232507240091B00B /* Info.plist */ = {isa = PBXFileReference; lastKnownFileType = text.plist.xml; path = Info.plist; sourceTree = "<group>"; };
		37B20BF1232507240091B00B /* BullsEyeP1Tests.xctest */ = {isa = PBXFileReference; explicitFileType = wrapper.cfbundle; includeInIndex = 0; path = BullsEyeP1Tests.xctest; sourceTree = BUILT_PRODUCTS_DIR; };
		37B20BF5232507240091B00B /* BullsEyeP1Tests.swift */ = {isa = PBXFileReference; lastKnownFileType = sourcecode.swift; path = BullsEyeP1Tests.swift; sourceTree = "<group>"; };
		37B20BF7232507240091B00B /* Info.plist */ = {isa = PBXFileReference; lastKnownFileType = text.plist.xml; path = Info.plist; sourceTree = "<group>"; };
		37B20BFC232507240091B00B /* BullsEyeP1UITests.xctest */ = {isa = PBXFileReference; explicitFileType = wrapper.cfbundle; includeInIndex = 0; path = BullsEyeP1UITests.xctest; sourceTree = BUILT_PRODUCTS_DIR; };
		37B20C00232507240091B00B /* BullsEyeP1UITests.swift */ = {isa = PBXFileReference; lastKnownFileType = sourcecode.swift; path = BullsEyeP1UITests.swift; sourceTree = "<group>"; };
		37B20C02232507240091B00B /* Info.plist */ = {isa = PBXFileReference; lastKnownFileType = text.plist.xml; path = Info.plist; sourceTree = "<group>"; };
		37B20C0E232535A90091B00B /* Default-568h@2x.png */ = {isa = PBXFileReference; lastKnownFileType = image.png; path = "Default-568h@2x.png"; sourceTree = "<group>"; };
/* End PBXFileReference section */

/* Begin PBXFrameworksBuildPhase section */
		37B20BD8232507220091B00B /* Frameworks */ = {
			isa = PBXFrameworksBuildPhase;
			buildActionMask = 2147483647;
			files = (
			);
			runOnlyForDeploymentPostprocessing = 0;
		};
		37B20BEE232507240091B00B /* Frameworks */ = {
			isa = PBXFrameworksBuildPhase;
			buildActionMask = 2147483647;
			files = (
			);
			runOnlyForDeploymentPostprocessing = 0;
		};
		37B20BF9232507240091B00B /* Frameworks */ = {
			isa = PBXFrameworksBuildPhase;
			buildActionMask = 2147483647;
			files = (
			);
			runOnlyForDeploymentPostprocessing = 0;
		};
/* End PBXFrameworksBuildPhase section */

/* Begin PBXGroup section */
		37B20BD2232507210091B00B = {
			isa = PBXGroup;
			children = (
				37B20C0E232535A90091B00B /* Default-568h@2x.png */,
				37B20BDD232507220091B00B /* BullsEyeP1 */,
				37B20BF4232507240091B00B /* BullsEyeP1Tests */,
				37B20BFF232507240091B00B /* BullsEyeP1UITests */,
				37B20BDC232507220091B00B /* Products */,
			);
			sourceTree = "<group>";
		};
		37B20BDC232507220091B00B /* Products */ = {
			isa = PBXGroup;
			children = (
				37B20BDB232507220091B00B /* BullsEyeP1.app */,
				37B20BF1232507240091B00B /* BullsEyeP1Tests.xctest */,
				37B20BFC232507240091B00B /* BullsEyeP1UITests.xctest */,
			);
			name = Products;
			sourceTree = "<group>";
		};
		37B20BDD232507220091B00B /* BullsEyeP1 */ = {
			isa = PBXGroup;
			children = (
				37B20BDE232507220091B00B /* AppDelegate.swift */,
				37B20BE0232507220091B00B /* SceneDelegate.swift */,
				37B20BE2232507220091B00B /* ViewController.swift */,
				37B20BE4232507220091B00B /* Main.storyboard */,
				37B20BE7232507240091B00B /* Assets.xcassets */,
				37B20BE9232507240091B00B /* LaunchScreen.storyboard */,
				37B20BEC232507240091B00B /* Info.plist */,
			);
			path = BullsEyeP1;
			sourceTree = "<group>";
		};
		37B20BF4232507240091B00B /* BullsEyeP1Tests */ = {
			isa = PBXGroup;
			children = (
				37B20BF5232507240091B00B /* BullsEyeP1Tests.swift */,
				37B20BF7232507240091B00B /* Info.plist */,
			);
			path = BullsEyeP1Tests;
			sourceTree = "<group>";
		};
		37B20BFF232507240091B00B /* BullsEyeP1UITests */ = {
			isa = PBXGroup;
			children = (
				37B20C00232507240091B00B /* BullsEyeP1UITests.swift */,
				37B20C02232507240091B00B /* Info.plist */,
			);
			path = BullsEyeP1UITests;
			sourceTree = "<group>";
		};
/* End PBXGroup section */

/* Begin PBXNativeTarget section */
		37B20BDA232507220091B00B /* BullsEyeP1 */ = {
			isa = PBXNativeTarget;
			buildConfigurationList = 37B20C05232507240091B00B /* Build configuration list for PBXNativeTarget "BullsEyeP1" */;
			buildPhases = (
				37B20BD7232507220091B00B /* Sources */,
				37B20BD8232507220091B00B /* Frameworks */,
				37B20BD9232507220091B00B /* Resources */,
			);
			buildRules = (
			);
			dependencies = (
			);
			name = BullsEyeP1;
			productName = BullsEyeP1;
			productReference = 37B20BDB232507220091B00B /* BullsEyeP1.app */;
			productType = "com.apple.product-type.application";
		};
		37B20BF0232507240091B00B /* BullsEyeP1Tests */ = {
			isa = PBXNativeTarget;
			buildConfigurationList = 37B20C08232507240091B00B /* Build configuration list for PBXNativeTarget "BullsEyeP1Tests" */;
			buildPhases = (
				37B20BED232507240091B00B /* Sources */,
				37B20BEE232507240091B00B /* Frameworks */,
				37B20BEF232507240091B00B /* Resources */,
			);
			buildRules = (
			);
			dependencies = (
				37B20BF3232507240091B00B /* PBXTargetDependency */,
			);
			name = BullsEyeP1Tests;
			productName = BullsEyeP1Tests;
			productReference = 37B20BF1232507240091B00B /* BullsEyeP1Tests.xctest */;
			productType = "com.apple.product-type.bundle.unit-test";
		};
		37B20BFB232507240091B00B /* BullsEyeP1UITests */ = {
			isa = PBXNativeTarget;
			buildConfigurationList = 37B20C0B232507240091B00B /* Build configuration list for PBXNativeTarget "BullsEyeP1UITests" */;
			buildPhases = (
				37B20BF8232507240091B00B /* Sources */,
				37B20BF9232507240091B00B /* Frameworks */,
				37B20BFA232507240091B00B /* Resources */,
			);
			buildRules = (
			);
			dependencies = (
				37B20BFE232507240091B00B /* PBXTargetDependency */,
			);
			name = BullsEyeP1UITests;
			productName = BullsEyeP1UITests;
			productReference = 37B20BFC232507240091B00B /* BullsEyeP1UITests.xctest */;
			productType = "com.apple.product-type.bundle.ui-testing";
		};
/* End PBXNativeTarget section */

/* Begin PBXProject section */
		37B20BD3232507220091B00B /* Project object */ = {
			isa = PBXProject;
			attributes = {
				LastSwiftUpdateCheck = 1100;
				LastUpgradeCheck = 1100;
				ORGANIZATIONNAME = PawelKocon;
				TargetAttributes = {
					37B20BDA232507220091B00B = {
						CreatedOnToolsVersion = 11.0;
					};
					37B20BF0232507240091B00B = {
						CreatedOnToolsVersion = 11.0;
						TestTargetID = 37B20BDA232507220091B00B;
					};
					37B20BFB232507240091B00B = {
						CreatedOnToolsVersion = 11.0;
						TestTargetID = 37B20BDA232507220091B00B;
					};
				};
			};
			buildConfigurationList = 37B20BD6232507220091B00B /* Build configuration list for PBXProject "BullsEyeP1" */;
			compatibilityVersion = "Xcode 9.3";
			developmentRegion = en;
			hasScannedForEncodings = 0;
			knownRegions = (
				en,
				Base,
			);
			mainGroup = 37B20BD2232507210091B00B;
			productRefGroup = 37B20BDC232507220091B00B /* Products */;
			projectDirPath = "";
			projectRoot = "";
			targets = (
				37B20BDA232507220091B00B /* BullsEyeP1 */,
				37B20BF0232507240091B00B /* BullsEyeP1Tests */,
				37B20BFB232507240091B00B /* BullsEyeP1UITests */,
			);
		};
/* End PBXProject section */

/* Begin PBXResourcesBuildPhase section */
		37B20BD9232507220091B00B /* Resources */ = {
			isa = PBXResourcesBuildPhase;
			buildActionMask = 2147483647;
			files = (
				37B20BEB232507240091B00B /* LaunchScreen.storyboard in Resources */,
				37B20C0F232535A90091B00B /* Default-568h@2x.png in Resources */,
				37B20BE8232507240091B00B /* Assets.xcassets in Resources */,
				37B20BE6232507220091B00B /* Main.storyboard in Resources */,
			);
			runOnlyForDeploymentPostprocessing = 0;
		};
		37B20BEF232507240091B00B /* Resources */ = {
			isa = PBXResourcesBuildPhase;
			buildActionMask = 2147483647;
			files = (
			);
			runOnlyForDeploymentPostprocessing = 0;
		};
		37B20BFA232507240091B00B /* Resources */ = {
			isa = PBXResourcesBuildPhase;
			buildActionMask = 2147483647;
			files = (
			);
			runOnlyForDeploymentPostprocessing = 0;
		};
/* End PBXResourcesBuildPhase section */

/* Begin PBXSourcesBuildPhase section */
		37B20BD7232507220091B00B /* Sources */ = {
			isa = PBXSourcesBuildPhase;
			buildActionMask = 2147483647;
			files = (
				37B20BE3232507220091B00B /* ViewController.swift in Sources */,
				37B20BDF232507220091B00B /* AppDelegate.swift in Sources */,
				37B20BE1232507220091B00B /* SceneDelegate.swift in Sources */,
			);
			runOnlyForDeploymentPostprocessing = 0;
		};
		37B20BED232507240091B00B /* Sources */ = {
			isa = PBXSourcesBuildPhase;
			buildActionMask = 2147483647;
			files = (
				37B20BF6232507240091B00B /* BullsEyeP1Tests.swift in Sources */,
			);
			runOnlyForDeploymentPostprocessing = 0;
		};
		37B20BF8232507240091B00B /* Sources */ = {
			isa = PBXSourcesBuildPhase;
			buildActionMask = 2147483647;
			files = (
				37B20C01232507240091B00B /* BullsEyeP1UITests.swift in Sources */,
			);
			runOnlyForDeploymentPostprocessing = 0;
		};
/* End PBXSourcesBuildPhase section */

/* Begin PBXTargetDependency section */
		37B20BF3232507240091B00B /* PBXTargetDependency */ = {
			isa = PBXTargetDependency;
			target = 37B20BDA232507220091B00B /* BullsEyeP1 */;
			targetProxy = 37B20BF2232507240091B00B /* PBXContainerItemProxy */;
		};
		37B20BFE232507240091B00B /* PBXTargetDependency */ = {
			isa = PBXTargetDependency;
			target = 37B20BDA232507220091B00B /* BullsEyeP1 */;
			targetProxy = 37B20BFD232507240091B00B /* PBXContainerItemProxy */;
		};
/* End PBXTargetDependency section */

/* Begin PBXVariantGroup section */
		37B20BE4232507220091B00B /* Main.storyboard */ = {
			isa = PBXVariantGroup;
			children = (
				37B20BE5232507220091B00B /* Base */,
			);
			name = Main.storyboard;
			sourceTree = "<group>";
		};
		37B20BE9232507240091B00B /* LaunchScreen.storyboard */ = {
			isa = PBXVariantGroup;
			children = (
				37B20BEA232507240091B00B /* Base */,
			);
			name = LaunchScreen.storyboard;
			sourceTree = "<group>";
		};
/* End PBXVariantGroup section */

/* Begin XCBuildConfiguration section */
		37B20C03232507240091B00B /* Debug */ = {
			isa = XCBuildConfiguration;
			buildSettings = {
				ALWAYS_SEARCH_USER_PATHS = NO;
				CLANG_ANALYZER_NONNULL = YES;
				CLANG_ANALYZER_NUMBER_OBJECT_CONVERSION = YES_AGGRESSIVE;
				CLANG_CXX_LANGUAGE_STANDARD = "gnu++14";
				CLANG_CXX_LIBRARY = "libc++";
				CLANG_ENABLE_MODULES = YES;
				CLANG_ENABLE_OBJC_ARC = YES;
				CLANG_ENABLE_OBJC_WEAK = YES;
				CLANG_WARN_BLOCK_CAPTURE_AUTORELEASING = YES;
				CLANG_WARN_BOOL_CONVERSION = YES;
				CLANG_WARN_COMMA = YES;
				CLANG_WARN_CONSTANT_CONVERSION = YES;
				CLANG_WARN_DEPRECATED_OBJC_IMPLEMENTATIONS = YES;
				CLANG_WARN_DIRECT_OBJC_ISA_USAGE = YES_ERROR;
				CLANG_WARN_DOCUMENTATION_COMMENTS = YES;
				CLANG_WARN_EMPTY_BODY = YES;
				CLANG_WARN_ENUM_CONVERSION = YES;
				CLANG_WARN_INFINITE_RECURSION = YES;
				CLANG_WARN_INT_CONVERSION = YES;
				CLANG_WARN_NON_LITERAL_NULL_CONVERSION = YES;
				CLANG_WARN_OBJC_IMPLICIT_RETAIN_SELF = YES;
				CLANG_WARN_OBJC_LITERAL_CONVERSION = YES;
				CLANG_WARN_OBJC_ROOT_CLASS = YES_ERROR;
				CLANG_WARN_RANGE_LOOP_ANALYSIS = YES;
				CLANG_WARN_STRICT_PROTOTYPES = YES;
				CLANG_WARN_SUSPICIOUS_MOVE = YES;
				CLANG_WARN_UNGUARDED_AVAILABILITY = YES_AGGRESSIVE;
				CLANG_WARN_UNREACHABLE_CODE = YES;
				CLANG_WARN__DUPLICATE_METHOD_MATCH = YES;
				COPY_PHASE_STRIP = NO;
				DEBUG_INFORMATION_FORMAT = dwarf;
				ENABLE_STRICT_OBJC_MSGSEND = YES;
				ENABLE_TESTABILITY = YES;
				GCC_C_LANGUAGE_STANDARD = gnu11;
				GCC_DYNAMIC_NO_PIC = NO;
				GCC_NO_COMMON_BLOCKS = YES;
				GCC_OPTIMIZATION_LEVEL = 0;
				GCC_PREPROCESSOR_DEFINITIONS = (
					"DEBUG=1",
					"$(inherited)",
				);
				GCC_WARN_64_TO_32_BIT_CONVERSION = YES;
				GCC_WARN_ABOUT_RETURN_TYPE = YES_ERROR;
				GCC_WARN_UNDECLARED_SELECTOR = YES;
				GCC_WARN_UNINITIALIZED_AUTOS = YES_AGGRESSIVE;
				GCC_WARN_UNUSED_FUNCTION = YES;
				GCC_WARN_UNUSED_VARIABLE = YES;
				IPHONEOS_DEPLOYMENT_TARGET = 13.0;
				MTL_ENABLE_DEBUG_INFO = INCLUDE_SOURCE;
				MTL_FAST_MATH = YES;
				ONLY_ACTIVE_ARCH = YES;
				SDKROOT = iphoneos;
				SWIFT_ACTIVE_COMPILATION_CONDITIONS = DEBUG;
				SWIFT_OPTIMIZATION_LEVEL = "-Onone";
			};
			name = Debug;
		};
		37B20C04232507240091B00B /* Release */ = {
			isa = XCBuildConfiguration;
			buildSettings = {
				ALWAYS_SEARCH_USER_PATHS = NO;
				CLANG_ANALYZER_NONNULL = YES;
				CLANG_ANALYZER_NUMBER_OBJECT_CONVERSION = YES_AGGRESSIVE;
				CLANG_CXX_LANGUAGE_STANDARD = "gnu++14";
				CLANG_CXX_LIBRARY = "libc++";
				CLANG_ENABLE_MODULES = YES;
				CLANG_ENABLE_OBJC_ARC = YES;
				CLANG_ENABLE_OBJC_WEAK = YES;
				CLANG_WARN_BLOCK_CAPTURE_AUTORELEASING = YES;
				CLANG_WARN_BOOL_CONVERSION = YES;
				CLANG_WARN_COMMA = YES;
				CLANG_WARN_CONSTANT_CONVERSION = YES;
				CLANG_WARN_DEPRECATED_OBJC_IMPLEMENTATIONS = YES;
				CLANG_WARN_DIRECT_OBJC_ISA_USAGE = YES_ERROR;
				CLANG_WARN_DOCUMENTATION_COMMENTS = YES;
				CLANG_WARN_EMPTY_BODY = YES;
				CLANG_WARN_ENUM_CONVERSION = YES;
				CLANG_WARN_INFINITE_RECURSION = YES;
				CLANG_WARN_INT_CONVERSION = YES;
				CLANG_WARN_NON_LITERAL_NULL_CONVERSION = YES;
				CLANG_WARN_OBJC_IMPLICIT_RETAIN_SELF = YES;
				CLANG_WARN_OBJC_LITERAL_CONVERSION = YES;
				CLANG_WARN_OBJC_ROOT_CLASS = YES_ERROR;
				CLANG_WARN_RANGE_LOOP_ANALYSIS = YES;
				CLANG_WARN_STRICT_PROTOTYPES = YES;
				CLANG_WARN_SUSPICIOUS_MOVE = YES;
				CLANG_WARN_UNGUARDED_AVAILABILITY = YES_AGGRESSIVE;
				CLANG_WARN_UNREACHABLE_CODE = YES;
				CLANG_WARN__DUPLICATE_METHOD_MATCH = YES;
				COPY_PHASE_STRIP = NO;
				DEBUG_INFORMATION_FORMAT = "dwarf-with-dsym";
				ENABLE_NS_ASSERTIONS = NO;
				ENABLE_STRICT_OBJC_MSGSEND = YES;
				GCC_C_LANGUAGE_STANDARD = gnu11;
				GCC_NO_COMMON_BLOCKS = YES;
				GCC_WARN_64_TO_32_BIT_CONVERSION = YES;
				GCC_WARN_ABOUT_RETURN_TYPE = YES_ERROR;
				GCC_WARN_UNDECLARED_SELECTOR = YES;
				GCC_WARN_UNINITIALIZED_AUTOS = YES_AGGRESSIVE;
				GCC_WARN_UNUSED_FUNCTION = YES;
				GCC_WARN_UNUSED_VARIABLE = YES;
				IPHONEOS_DEPLOYMENT_TARGET = 13.0;
				MTL_ENABLE_DEBUG_INFO = NO;
				MTL_FAST_MATH = YES;
				SDKROOT = iphoneos;
				SWIFT_COMPILATION_MODE = wholemodule;
				SWIFT_OPTIMIZATION_LEVEL = "-O";
				VALIDATE_PRODUCT = YES;
			};
			name = Release;
		};
		37B20C06232507240091B00B /* Debug */ = {
			isa = XCBuildConfiguration;
			buildSettings = {
				ASSETCATALOG_COMPILER_APPICON_NAME = AppIcon;
				CODE_SIGN_STYLE = Automatic;
				INFOPLIST_FILE = BullsEyeP1/Info.plist;
				LD_RUNPATH_SEARCH_PATHS = (
					"$(inherited)",
					"@executable_path/Frameworks",
				);
				PRODUCT_BUNDLE_IDENTIFIER = com.Pawel.BullsEye;
				PRODUCT_NAME = "$(TARGET_NAME)";
				SWIFT_VERSION = 5.0;
				TARGETED_DEVICE_FAMILY = "1,2";
			};
			name = Debug;
		};
		37B20C07232507240091B00B /* Release */ = {
			isa = XCBuildConfiguration;
			buildSettings = {
				ASSETCATALOG_COMPILER_APPICON_NAME = AppIcon;
				CODE_SIGN_STYLE = Automatic;
				INFOPLIST_FILE = BullsEyeP1/Info.plist;
				LD_RUNPATH_SEARCH_PATHS = (
					"$(inherited)",
					"@executable_path/Frameworks",
				);
				PRODUCT_BUNDLE_IDENTIFIER = com.Pawel.BullsEye;
				PRODUCT_NAME = "$(TARGET_NAME)";
				SWIFT_VERSION = 5.0;
				TARGETED_DEVICE_FAMILY = "1,2";
			};
			name = Release;
		};
		37B20C09232507240091B00B /* Debug */ = {
			isa = XCBuildConfiguration;
			buildSettings = {
				ALWAYS_EMBED_SWIFT_STANDARD_LIBRARIES = YES;
				BUNDLE_LOADER = "$(TEST_HOST)";
				CODE_SIGN_STYLE = Automatic;
				INFOPLIST_FILE = BullsEyeP1Tests/Info.plist;
				LD_RUNPATH_SEARCH_PATHS = (
					"$(inherited)",
					"@executable_path/Frameworks",
					"@loader_path/Frameworks",
				);
				PRODUCT_BUNDLE_IDENTIFIER = com.Pawel.BullsEyeP1Tests;
				PRODUCT_NAME = "$(TARGET_NAME)";
				SWIFT_VERSION = 5.0;
				TARGETED_DEVICE_FAMILY = "1,2";
				TEST_HOST = "$(BUILT_PRODUCTS_DIR)/BullsEyeP1.app/BullsEyeP1";
			};
			name = Debug;
		};
		37B20C0A232507240091B00B /* Release */ = {
			isa = XCBuildConfiguration;
			buildSettings = {
				ALWAYS_EMBED_SWIFT_STANDARD_LIBRARIES = YES;
				BUNDLE_LOADER = "$(TEST_HOST)";
				CODE_SIGN_STYLE = Automatic;
				INFOPLIST_FILE = BullsEyeP1Tests/Info.plist;
				LD_RUNPATH_SEARCH_PATHS = (
					"$(inherited)",
					"@executable_path/Frameworks",
					"@loader_path/Frameworks",
				);
				PRODUCT_BUNDLE_IDENTIFIER = com.Pawel.BullsEyeP1Tests;
				PRODUCT_NAME = "$(TARGET_NAME)";
				SWIFT_VERSION = 5.0;
				TARGETED_DEVICE_FAMILY = "1,2";
				TEST_HOST = "$(BUILT_PRODUCTS_DIR)/BullsEyeP1.app/BullsEyeP1";
			};
			name = Release;
		};
		37B20C0C232507240091B00B /* Debug */ = {
			isa = XCBuildConfiguration;
			buildSettings = {
				ALWAYS_EMBED_SWIFT_STANDARD_LIBRARIES = YES;
				CODE_SIGN_STYLE = Automatic;
				INFOPLIST_FILE = BullsEyeP1UITests/Info.plist;
				LD_RUNPATH_SEARCH_PATHS = (
					"$(inherited)",
					"@executable_path/Frameworks",
					"@loader_path/Frameworks",
				);
				PRODUCT_BUNDLE_IDENTIFIER = com.Pawel.BullsEyeP1UITests;
				PRODUCT_NAME = "$(TARGET_NAME)";
				SWIFT_VERSION = 5.0;
				TARGETED_DEVICE_FAMILY = "1,2";
				TEST_TARGET_NAME = BullsEyeP1;
			};
			name = Debug;
		};
		37B20C0D232507240091B00B /* Release */ = {
			isa = XCBuildConfiguration;
			buildSettings = {
				ALWAYS_EMBED_SWIFT_STANDARD_LIBRARIES = YES;
				CODE_SIGN_STYLE = Automatic;
				INFOPLIST_FILE = BullsEyeP1UITests/Info.plist;
				LD_RUNPATH_SEARCH_PATHS = (
					"$(inherited)",
					"@executable_path/Frameworks",
					"@loader_path/Frameworks",
				);
				PRODUCT_BUNDLE_IDENTIFIER = com.Pawel.BullsEyeP1UITests;
				PRODUCT_NAME = "$(TARGET_NAME)";
				SWIFT_VERSION = 5.0;
				TARGETED_DEVICE_FAMILY = "1,2";
				TEST_TARGET_NAME = BullsEyeP1;
			};
			name = Release;
		};
/* End XCBuildConfiguration section */

/* Begin XCConfigurationList section */
		37B20BD6232507220091B00B /* Build configuration list for PBXProject "BullsEyeP1" */ = {
			isa = XCConfigurationList;
			buildConfigurations = (
				37B20C03232507240091B00B /* Debug */,
				37B20C04232507240091B00B /* Release */,
			);
			defaultConfigurationIsVisible = 0;
			defaultConfigurationName = Release;
		};
		37B20C05232507240091B00B /* Build configuration list for PBXNativeTarget "BullsEyeP1" */ = {
			isa = XCConfigurationList;
			buildConfigurations = (
				37B20C06232507240091B00B /* Debug */,
				37B20C07232507240091B00B /* Release */,
			);
			defaultConfigurationIsVisible = 0;
			defaultConfigurationName = Release;
		};
		37B20C08232507240091B00B /* Build configuration list for PBXNativeTarget "BullsEyeP1Tests" */ = {
			isa = XCConfigurationList;
			buildConfigurations = (
				37B20C09232507240091B00B /* Debug */,
				37B20C0A232507240091B00B /* Release */,
			);
			defaultConfigurationIsVisible = 0;
			defaultConfigurationName = Release;
		};
		37B20C0B232507240091B00B /* Build configuration list for PBXNativeTarget "BullsEyeP1UITests" */ = {
			isa = XCConfigurationList;
			buildConfigurations = (
				37B20C0C232507240091B00B /* Debug */,
				37B20C0D232507240091B00B /* Release */,
			);
			defaultConfigurationIsVisible = 0;
			defaultConfigurationName = Release;
		};
/* End XCConfigurationList section */
	};
	rootObject = 37B20BD3232507220091B00B /* Project object */;
}
